
Microsoft Visual Studio Solution File, Format Version 12.00
# Visual Studio Version 17
VisualStudioVersion = 17.13.35818.85 d17.13
MinimumVisualStudioVersion = 10.0.40219.1
Project("{FAE04EC0-301F-11D3-BF4B-00C04F79EFBC}") = "WebApplication1", "WebApplication1.csproj", "{F51E7FB5-E57F-426D-B667-738865383D7C}"
EndProject
Global
	GlobalSection(SolutionConfigurationPlatforms) = preSolution
		Debug|Any CPU = Debug|Any CPU
		Release|Any CPU = Release|Any CPU
	EndGlobalSection
	GlobalSection(ProjectConfigurationPlatforms) = postSolution
		{F51E7FB5-E57F-426D-B667-738865383D7C}.Debug|Any CPU.ActiveCfg = Debug|Any CPU
		{F51E7FB5-E57F-426D-B667-738865383D7C}.Debug|Any CPU.Build.0 = Debug|Any CPU
		{F51E7FB5-E57F-426D-B667-738865383D7C}.Release|Any CPU.ActiveCfg = Release|Any CPU
		{F51E7FB5-E57F-426D-B667-738865383D7C}.Release|Any CPU.Build.0 = Release|Any CPU
	EndGlobalSection
	GlobalSection(SolutionProperties) = preSolution
		HideSolutionNode = FALSE
	EndGlobalSection
	GlobalSection(ExtensibilityGlobals) = postSolution
		SolutionGuid = {4BA52D4B-8B4C-4585-91A7-4726E04A06A6}
	EndGlobalSection
EndGlobal
